// !$*UTF8*$!
{
	archiveVersion = 1;
	classes = {
	};
	objectVersion = 56;
	objects = {

/* Begin PBXBuildFile section */
		E721609529EC5FCA006ADF19 /* SettingsView.swift in Sources */ = {isa = PBXBuildFile; fileRef = E721609429EC5FCA006ADF19 /* SettingsView.swift */; };
		E721609729EC6332006ADF19 /* AddView.swift in Sources */ = {isa = PBXBuildFile; fileRef = E721609629EC6332006ADF19 /* AddView.swift */; };
		E753940429EC00E900DD9C91 /* FitnessGoalApp.swift in Sources */ = {isa = PBXBuildFile; fileRef = E753940329EC00E900DD9C91 /* FitnessGoalApp.swift */; };
		E753940629EC00E900DD9C91 /* ContentView.swift in Sources */ = {isa = PBXBuildFile; fileRef = E753940529EC00E900DD9C91 /* ContentView.swift */; };
		E753940829EC00EA00DD9C91 /* Assets.xcassets in Resources */ = {isa = PBXBuildFile; fileRef = E753940729EC00EA00DD9C91 /* Assets.xcassets */; };
		E753940B29EC00EA00DD9C91 /* Preview Assets.xcassets in Resources */ = {isa = PBXBuildFile; fileRef = E753940A29EC00EA00DD9C91 /* Preview Assets.xcassets */; };
		E769B28F2A2371C900E5A738 /* CaloriesCardViewViewModel.swift in Sources */ = {isa = PBXBuildFile; fileRef = E769B28E2A2371C900E5A738 /* CaloriesCardViewViewModel.swift */; };
		E769B2922A23783D00E5A738 /* SettingsViewModel.swift in Sources */ = {isa = PBXBuildFile; fileRef = E769B2912A23783D00E5A738 /* SettingsViewModel.swift */; };
		E769B2952A237BB800E5A738 /* SettingsModel.swift in Sources */ = {isa = PBXBuildFile; fileRef = E769B2942A237BB800E5A738 /* SettingsModel.swift */; };
		E7BAE0D02A2367AF00533160 /* CaloriesCardView.swift in Sources */ = {isa = PBXBuildFile; fileRef = E7BAE0CF2A2367AF00533160 /* CaloriesCardView.swift */; };
		E7BAE0D22A2367CC00533160 /* StepsCardView.swift in Sources */ = {isa = PBXBuildFile; fileRef = E7BAE0D12A2367CC00533160 /* StepsCardView.swift */; };
		E7BAE0D52A23683500533160 /* TopDashboardView.swift in Sources */ = {isa = PBXBuildFile; fileRef = E7BAE0D42A23683500533160 /* TopDashboardView.swift */; };
		E7BAE0D72A23684800533160 /* BottomMenuView.swift in Sources */ = {isa = PBXBuildFile; fileRef = E7BAE0D62A23684800533160 /* BottomMenuView.swift */; };
/* End PBXBuildFile section */

/* Begin PBXFileReference section */
		E721609429EC5FCA006ADF19 /* SettingsView.swift */ = {isa = PBXFileReference; lastKnownFileType = sourcecode.swift; path = SettingsView.swift; sourceTree = "<group>"; };
		E721609629EC6332006ADF19 /* AddView.swift */ = {isa = PBXFileReference; lastKnownFileType = sourcecode.swift; path = AddView.swift; sourceTree = "<group>"; };
		E753940029EC00E900DD9C91 /* FitnessGoal.app */ = {isa = PBXFileReference; explicitFileType = wrapper.application; includeInIndex = 0; path = FitnessGoal.app; sourceTree = BUILT_PRODUCTS_DIR; };
		E753940329EC00E900DD9C91 /* FitnessGoalApp.swift */ = {isa = PBXFileReference; lastKnownFileType = sourcecode.swift; path = FitnessGoalApp.swift; sourceTree = "<group>"; };
		E753940529EC00E900DD9C91 /* ContentView.swift */ = {isa = PBXFileReference; lastKnownFileType = sourcecode.swift; path = ContentView.swift; sourceTree = "<group>"; };
		E753940729EC00EA00DD9C91 /* Assets.xcassets */ = {isa = PBXFileReference; lastKnownFileType = folder.assetcatalog; path = Assets.xcassets; sourceTree = "<group>"; };
		E753940A29EC00EA00DD9C91 /* Preview Assets.xcassets */ = {isa = PBXFileReference; lastKnownFileType = folder.assetcatalog; path = "Preview Assets.xcassets"; sourceTree = "<group>"; };
		E769B28E2A2371C900E5A738 /* CaloriesCardViewViewModel.swift */ = {isa = PBXFileReference; lastKnownFileType = sourcecode.swift; path = CaloriesCardViewViewModel.swift; sourceTree = "<group>"; };
		E769B2912A23783D00E5A738 /* SettingsViewModel.swift */ = {isa = PBXFileReference; lastKnownFileType = sourcecode.swift; path = SettingsViewModel.swift; sourceTree = "<group>"; };
		E769B2942A237BB800E5A738 /* SettingsModel.swift */ = {isa = PBXFileReference; lastKnownFileType = sourcecode.swift; path = SettingsModel.swift; sourceTree = "<group>"; };
		E7BAE0CF2A2367AF00533160 /* CaloriesCardView.swift */ = {isa = PBXFileReference; lastKnownFileType = sourcecode.swift; path = CaloriesCardView.swift; sourceTree = "<group>"; };
		E7BAE0D12A2367CC00533160 /* StepsCardView.swift */ = {isa = PBXFileReference; lastKnownFileType = sourcecode.swift; path = StepsCardView.swift; sourceTree = "<group>"; };
		E7BAE0D42A23683500533160 /* TopDashboardView.swift */ = {isa = PBXFileReference; lastKnownFileType = sourcecode.swift; path = TopDashboardView.swift; sourceTree = "<group>"; };
		E7BAE0D62A23684800533160 /* BottomMenuView.swift */ = {isa = PBXFileReference; lastKnownFileType = sourcecode.swift; path = BottomMenuView.swift; sourceTree = "<group>"; };
/* End PBXFileReference section */

/* Begin PBXFrameworksBuildPhase section */
		E75393FD29EC00E900DD9C91 /* Frameworks */ = {
			isa = PBXFrameworksBuildPhase;
			buildActionMask = 2147483647;
			files = (
			);
			runOnlyForDeploymentPostprocessing = 0;
		};
/* End PBXFrameworksBuildPhase section */

/* Begin PBXGroup section */
		E75393F729EC00E900DD9C91 = {
			isa = PBXGroup;
			children = (
				E753940229EC00E900DD9C91 /* FitnessGoal */,
				E753940129EC00E900DD9C91 /* Products */,
			);
			sourceTree = "<group>";
		};
		E753940129EC00E900DD9C91 /* Products */ = {
			isa = PBXGroup;
			children = (
				E753940029EC00E900DD9C91 /* FitnessGoal.app */,
			);
			name = Products;
			sourceTree = "<group>";
		};
		E753940229EC00E900DD9C91 /* FitnessGoal */ = {
			isa = PBXGroup;
			children = (
				E753940329EC00E900DD9C91 /* FitnessGoalApp.swift */,
				E7BAE0CC2A23671F00533160 /* Main */,
				E7BAE0CD2A23673700533160 /* Cards */,
				E7BAE0CE2A23675300533160 /* Settings */,
				E753940729EC00EA00DD9C91 /* Assets.xcassets */,
				E753940929EC00EA00DD9C91 /* Preview Content */,
			);
			path = FitnessGoal;
			sourceTree = "<group>";
		};
		E753940929EC00EA00DD9C91 /* Preview Content */ = {
			isa = PBXGroup;
			children = (
				E753940A29EC00EA00DD9C91 /* Preview Assets.xcassets */,
			);
			path = "Preview Content";
			sourceTree = "<group>";
		};
		E769B28D2A23719600E5A738 /* ContentViewModel */ = {
			isa = PBXGroup;
			children = (
				E769B28E2A2371C900E5A738 /* CaloriesCardViewViewModel.swift */,
			);
			path = ContentViewModel;
			sourceTree = "<group>";
		};
		E769B2902A23782600E5A738 /* SettingsViewModel */ = {
			isa = PBXGroup;
			children = (
				E769B2912A23783D00E5A738 /* SettingsViewModel.swift */,
			);
			path = SettingsViewModel;
			sourceTree = "<group>";
		};
		E769B2932A237B7E00E5A738 /* SeetingsModel */ = {
			isa = PBXGroup;
			children = (
				E769B2942A237BB800E5A738 /* SettingsModel.swift */,
			);
			path = SeetingsModel;
			sourceTree = "<group>";
		};
		E7BAE0CC2A23671F00533160 /* Main */ = {
			isa = PBXGroup;
			children = (
				E769B28D2A23719600E5A738 /* ContentViewModel */,
				E753940529EC00E900DD9C91 /* ContentView.swift */,
				E721609629EC6332006ADF19 /* AddView.swift */,
				E7BAE0D32A23681A00533160 /* DashboardMenu */,
			);
			path = Main;
			sourceTree = "<group>";
		};
		E7BAE0CD2A23673700533160 /* Cards */ = {
			isa = PBXGroup;
			children = (
				E7BAE0CF2A2367AF00533160 /* CaloriesCardView.swift */,
				E7BAE0D12A2367CC00533160 /* StepsCardView.swift */,
			);
			path = Cards;
			sourceTree = "<group>";
		};
		E7BAE0CE2A23675300533160 /* Settings */ = {
			isa = PBXGroup;
			children = (
				E769B2932A237B7E00E5A738 /* SeetingsModel */,
				E769B2902A23782600E5A738 /* SettingsViewModel */,
				E721609429EC5FCA006ADF19 /* SettingsView.swift */,
			);
			path = Settings;
			sourceTree = "<group>";
		};
		E7BAE0D32A23681A00533160 /* DashboardMenu */ = {
			isa = PBXGroup;
			children = (
				E7BAE0D42A23683500533160 /* TopDashboardView.swift */,
				E7BAE0D62A23684800533160 /* BottomMenuView.swift */,
			);
			path = DashboardMenu;
			sourceTree = "<group>";
		};
/* End PBXGroup section */

/* Begin PBXNativeTarget section */
		E75393FF29EC00E900DD9C91 /* FitnessGoal */ = {
			isa = PBXNativeTarget;
			buildConfigurationList = E753940E29EC00EA00DD9C91 /* Build configuration list for PBXNativeTarget "FitnessGoal" */;
			buildPhases = (
				E75393FC29EC00E900DD9C91 /* Sources */,
				E75393FD29EC00E900DD9C91 /* Frameworks */,
				E75393FE29EC00E900DD9C91 /* Resources */,
			);
			buildRules = (
			);
			dependencies = (
			);
			name = FitnessGoal;
			productName = FitnessGoal;
			productReference = E753940029EC00E900DD9C91 /* FitnessGoal.app */;
			productType = "com.apple.product-type.application";
		};
/* End PBXNativeTarget section */

/* Begin PBXProject section */
		E75393F829EC00E900DD9C91 /* Project object */ = {
			isa = PBXProject;
			attributes = {
				BuildIndependentTargetsInParallel = 1;
				LastSwiftUpdateCheck = 1430;
				LastUpgradeCheck = 1430;
				TargetAttributes = {
					E75393FF29EC00E900DD9C91 = {
						CreatedOnToolsVersion = 14.3;
					};
				};
			};
			buildConfigurationList = E75393FB29EC00E900DD9C91 /* Build configuration list for PBXProject "FitnessGoal" */;
			compatibilityVersion = "Xcode 14.0";
			developmentRegion = en;
			hasScannedForEncodings = 0;
			knownRegions = (
				en,
				Base,
			);
			mainGroup = E75393F729EC00E900DD9C91;
			productRefGroup = E753940129EC00E900DD9C91 /* Products */;
			projectDirPath = "";
			projectRoot = "";
			targets = (
				E75393FF29EC00E900DD9C91 /* FitnessGoal */,
			);
		};
/* End PBXProject section */

/* Begin PBXResourcesBuildPhase section */
		E75393FE29EC00E900DD9C91 /* Resources */ = {
			isa = PBXResourcesBuildPhase;
			buildActionMask = 2147483647;
			files = (
				E753940B29EC00EA00DD9C91 /* Preview Assets.xcassets in Resources */,
				E753940829EC00EA00DD9C91 /* Assets.xcassets in Resources */,
			);
			runOnlyForDeploymentPostprocessing = 0;
		};
/* End PBXResourcesBuildPhase section */

/* Begin PBXSourcesBuildPhase section */
		E75393FC29EC00E900DD9C91 /* Sources */ = {
			isa = PBXSourcesBuildPhase;
			buildActionMask = 2147483647;
			files = (
				E769B2922A23783D00E5A738 /* SettingsViewModel.swift in Sources */,
				E721609729EC6332006ADF19 /* AddView.swift in Sources */,
				E769B2952A237BB800E5A738 /* SettingsModel.swift in Sources */,
				E721609529EC5FCA006ADF19 /* SettingsView.swift in Sources */,
				E7BAE0D02A2367AF00533160 /* CaloriesCardView.swift in Sources */,
				E753940629EC00E900DD9C91 /* ContentView.swift in Sources */,
				E7BAE0D72A23684800533160 /* BottomMenuView.swift in Sources */,
				E769B28F2A2371C900E5A738 /* CaloriesCardViewViewModel.swift in Sources */,
				E7BAE0D22A2367CC00533160 /* StepsCardView.swift in Sources */,
				E7BAE0D52A23683500533160 /* TopDashboardView.swift in Sources */,
				E753940429EC00E900DD9C91 /* FitnessGoalApp.swift in Sources */,
			);
			runOnlyForDeploymentPostprocessing = 0;
		};
/* End PBXSourcesBuildPhase section */

/* Begin XCBuildConfiguration section */
		E753940C29EC00EA00DD9C91 /* Debug */ = {
			isa = XCBuildConfiguration;
			buildSettings = {
				ALWAYS_SEARCH_USER_PATHS = NO;
				CLANG_ANALYZER_NONNULL = YES;
				CLANG_ANALYZER_NUMBER_OBJECT_CONVERSION = YES_AGGRESSIVE;
				CLANG_CXX_LANGUAGE_STANDARD = "gnu++20";
				CLANG_ENABLE_MODULES = YES;
				CLANG_ENABLE_OBJC_ARC = YES;
				CLANG_ENABLE_OBJC_WEAK = YES;
				CLANG_WARN_BLOCK_CAPTURE_AUTORELEASING = YES;
				CLANG_WARN_BOOL_CONVERSION = YES;
				CLANG_WARN_COMMA = YES;
				CLANG_WARN_CONSTANT_CONVERSION = YES;
				CLANG_WARN_DEPRECATED_OBJC_IMPLEMENTATIONS = YES;
				CLANG_WARN_DIRECT_OBJC_ISA_USAGE = YES_ERROR;
				CLANG_WARN_DOCUMENTATION_COMMENTS = YES;
				CLANG_WARN_EMPTY_BODY = YES;
				CLANG_WARN_ENUM_CONVERSION = YES;
				CLANG_WARN_INFINITE_RECURSION = YES;
				CLANG_WARN_INT_CONVERSION = YES;
				CLANG_WARN_NON_LITERAL_NULL_CONVERSION = YES;
				CLANG_WARN_OBJC_IMPLICIT_RETAIN_SELF = YES;
				CLANG_WARN_OBJC_LITERAL_CONVERSION = YES;
				CLANG_WARN_OBJC_ROOT_CLASS = YES_ERROR;
				CLANG_WARN_QUOTED_INCLUDE_IN_FRAMEWORK_HEADER = YES;
				CLANG_WARN_RANGE_LOOP_ANALYSIS = YES;
				CLANG_WARN_STRICT_PROTOTYPES = YES;
				CLANG_WARN_SUSPICIOUS_MOVE = YES;
				CLANG_WARN_UNGUARDED_AVAILABILITY = YES_AGGRESSIVE;
				CLANG_WARN_UNREACHABLE_CODE = YES;
				CLANG_WARN__DUPLICATE_METHOD_MATCH = YES;
				COPY_PHASE_STRIP = NO;
				DEBUG_INFORMATION_FORMAT = dwarf;
				ENABLE_STRICT_OBJC_MSGSEND = YES;
				ENABLE_TESTABILITY = YES;
				GCC_C_LANGUAGE_STANDARD = gnu11;
				GCC_DYNAMIC_NO_PIC = NO;
				GCC_NO_COMMON_BLOCKS = YES;
				GCC_OPTIMIZATION_LEVEL = 0;
				GCC_PREPROCESSOR_DEFINITIONS = (
					"DEBUG=1",
					"$(inherited)",
				);
				GCC_WARN_64_TO_32_BIT_CONVERSION = YES;
				GCC_WARN_ABOUT_RETURN_TYPE = YES_ERROR;
				GCC_WARN_UNDECLARED_SELECTOR = YES;
				GCC_WARN_UNINITIALIZED_AUTOS = YES_AGGRESSIVE;
				GCC_WARN_UNUSED_FUNCTION = YES;
				GCC_WARN_UNUSED_VARIABLE = YES;
				IPHONEOS_DEPLOYMENT_TARGET = 16.4;
				MTL_ENABLE_DEBUG_INFO = INCLUDE_SOURCE;
				MTL_FAST_MATH = YES;
				ONLY_ACTIVE_ARCH = YES;
				SDKROOT = iphoneos;
				SWIFT_ACTIVE_COMPILATION_CONDITIONS = DEBUG;
				SWIFT_OPTIMIZATION_LEVEL = "-Onone";
			};
			name = Debug;
		};
		E753940D29EC00EA00DD9C91 /* Release */ = {
			isa = XCBuildConfiguration;
			buildSettings = {
				ALWAYS_SEARCH_USER_PATHS = NO;
				CLANG_ANALYZER_NONNULL = YES;
				CLANG_ANALYZER_NUMBER_OBJECT_CONVERSION = YES_AGGRESSIVE;
				CLANG_CXX_LANGUAGE_STANDARD = "gnu++20";
				CLANG_ENABLE_MODULES = YES;
				CLANG_ENABLE_OBJC_ARC = YES;
				CLANG_ENABLE_OBJC_WEAK = YES;
				CLANG_WARN_BLOCK_CAPTURE_AUTORELEASING = YES;
				CLANG_WARN_BOOL_CONVERSION = YES;
				CLANG_WARN_COMMA = YES;
				CLANG_WARN_CONSTANT_CONVERSION = YES;
				CLANG_WARN_DEPRECATED_OBJC_IMPLEMENTATIONS = YES;
				CLANG_WARN_DIRECT_OBJC_ISA_USAGE = YES_ERROR;
				CLANG_WARN_DOCUMENTATION_COMMENTS = YES;
				CLANG_WARN_EMPTY_BODY = YES;
				CLANG_WARN_ENUM_CONVERSION = YES;
				CLANG_WARN_INFINITE_RECURSION = YES;
				CLANG_WARN_INT_CONVERSION = YES;
				CLANG_WARN_NON_LITERAL_NULL_CONVERSION = YES;
				CLANG_WARN_OBJC_IMPLICIT_RETAIN_SELF = YES;
				CLANG_WARN_OBJC_LITERAL_CONVERSION = YES;
				CLANG_WARN_OBJC_ROOT_CLASS = YES_ERROR;
				CLANG_WARN_QUOTED_INCLUDE_IN_FRAMEWORK_HEADER = YES;
				CLANG_WARN_RANGE_LOOP_ANALYSIS = YES;
				CLANG_WARN_STRICT_PROTOTYPES = YES;
				CLANG_WARN_SUSPICIOUS_MOVE = YES;
				CLANG_WARN_UNGUARDED_AVAILABILITY = YES_AGGRESSIVE;
				CLANG_WARN_UNREACHABLE_CODE = YES;
				CLANG_WARN__DUPLICATE_METHOD_MATCH = YES;
				COPY_PHASE_STRIP = NO;
				DEBUG_INFORMATION_FORMAT = "dwarf-with-dsym";
				ENABLE_NS_ASSERTIONS = NO;
				ENABLE_STRICT_OBJC_MSGSEND = YES;
				GCC_C_LANGUAGE_STANDARD = gnu11;
				GCC_NO_COMMON_BLOCKS = YES;
				GCC_WARN_64_TO_32_BIT_CONVERSION = YES;
				GCC_WARN_ABOUT_RETURN_TYPE = YES_ERROR;
				GCC_WARN_UNDECLARED_SELECTOR = YES;
				GCC_WARN_UNINITIALIZED_AUTOS = YES_AGGRESSIVE;
				GCC_WARN_UNUSED_FUNCTION = YES;
				GCC_WARN_UNUSED_VARIABLE = YES;
				IPHONEOS_DEPLOYMENT_TARGET = 16.4;
				MTL_ENABLE_DEBUG_INFO = NO;
				MTL_FAST_MATH = YES;
				SDKROOT = iphoneos;
				SWIFT_COMPILATION_MODE = wholemodule;
				SWIFT_OPTIMIZATION_LEVEL = "-O";
				VALIDATE_PRODUCT = YES;
			};
			name = Release;
		};
		E753940F29EC00EA00DD9C91 /* Debug */ = {
			isa = XCBuildConfiguration;
			buildSettings = {
				ASSETCATALOG_COMPILER_APPICON_NAME = AppIcon;
				ASSETCATALOG_COMPILER_GLOBAL_ACCENT_COLOR_NAME = AccentColor;
				CODE_SIGN_STYLE = Automatic;
				CURRENT_PROJECT_VERSION = 1;
				DEVELOPMENT_ASSET_PATHS = "\"FitnessGoal/Preview Content\"";
				ENABLE_PREVIEWS = YES;
				GENERATE_INFOPLIST_FILE = YES;
				INFOPLIST_KEY_UIApplicationSceneManifest_Generation = YES;
				INFOPLIST_KEY_UIApplicationSupportsIndirectInputEvents = YES;
				INFOPLIST_KEY_UILaunchScreen_Generation = YES;
				INFOPLIST_KEY_UISupportedInterfaceOrientations_iPad = "UIInterfaceOrientationPortrait UIInterfaceOrientationPortraitUpsideDown UIInterfaceOrientationLandscapeLeft UIInterfaceOrientationLandscapeRight";
				INFOPLIST_KEY_UISupportedInterfaceOrientations_iPhone = "UIInterfaceOrientationPortrait UIInterfaceOrientationLandscapeLeft UIInterfaceOrientationLandscapeRight";
				LD_RUNPATH_SEARCH_PATHS = (
					"$(inherited)",
					"@executable_path/Frameworks",
				);
				MARKETING_VERSION = 1.0;
				PRODUCT_BUNDLE_IDENTIFIER = K.Kalicki.FitnessGoal;
				PRODUCT_NAME = "$(TARGET_NAME)";
				SWIFT_EMIT_LOC_STRINGS = YES;
				SWIFT_VERSION = 5.0;
				TARGETED_DEVICE_FAMILY = "1,2";
			};
			name = Debug;
		};
		E753941029EC00EA00DD9C91 /* Release */ = {
			isa = XCBuildConfiguration;
			buildSettings = {
				ASSETCATALOG_COMPILER_APPICON_NAME = AppIcon;
				ASSETCATALOG_COMPILER_GLOBAL_ACCENT_COLOR_NAME = AccentColor;
				CODE_SIGN_STYLE = Automatic;
				CURRENT_PROJECT_VERSION = 1;
				DEVELOPMENT_ASSET_PATHS = "\"FitnessGoal/Preview Content\"";
				ENABLE_PREVIEWS = YES;
				GENERATE_INFOPLIST_FILE = YES;
				INFOPLIST_KEY_UIApplicationSceneManifest_Generation = YES;
				INFOPLIST_KEY_UIApplicationSupportsIndirectInputEvents = YES;
				INFOPLIST_KEY_UILaunchScreen_Generation = YES;
				INFOPLIST_KEY_UISupportedInterfaceOrientations_iPad = "UIInterfaceOrientationPortrait UIInterfaceOrientationPortraitUpsideDown UIInterfaceOrientationLandscapeLeft UIInterfaceOrientationLandscapeRight";
				INFOPLIST_KEY_UISupportedInterfaceOrientations_iPhone = "UIInterfaceOrientationPortrait UIInterfaceOrientationLandscapeLeft UIInterfaceOrientationLandscapeRight";
				LD_RUNPATH_SEARCH_PATHS = (
					"$(inherited)",
					"@executable_path/Frameworks",
				);
				MARKETING_VERSION = 1.0;
				PRODUCT_BUNDLE_IDENTIFIER = K.Kalicki.FitnessGoal;
				PRODUCT_NAME = "$(TARGET_NAME)";
				SWIFT_EMIT_LOC_STRINGS = YES;
				SWIFT_VERSION = 5.0;
				TARGETED_DEVICE_FAMILY = "1,2";
			};
			name = Release;
		};
/* End XCBuildConfiguration section */

/* Begin XCConfigurationList section */
		E75393FB29EC00E900DD9C91 /* Build configuration list for PBXProject "FitnessGoal" */ = {
			isa = XCConfigurationList;
			buildConfigurations = (
				E753940C29EC00EA00DD9C91 /* Debug */,
				E753940D29EC00EA00DD9C91 /* Release */,
			);
			defaultConfigurationIsVisible = 0;
			defaultConfigurationName = Release;
		};
		E753940E29EC00EA00DD9C91 /* Build configuration list for PBXNativeTarget "FitnessGoal" */ = {
			isa = XCConfigurationList;
			buildConfigurations = (
				E753940F29EC00EA00DD9C91 /* Debug */,
				E753941029EC00EA00DD9C91 /* Release */,
			);
			defaultConfigurationIsVisible = 0;
			defaultConfigurationName = Release;
		};
/* End XCConfigurationList section */
	};
	rootObject = E75393F829EC00E900DD9C91 /* Project object */;
}
